{
  "socketPath": "/tmp/mcp-GRYUOO/mcp.sock",
  "scheme": "unix",
  "headers": {
    "Authorization": "Nonce 4549c4d6-ed9c-4852-99d6-7383ef84a44f"
  },
  "pid": 1269,
  "ideName": "Visual Studio Code",
  "timestamp": 1788201652628,
  "workspaceFolders": [
    "/home/ubuntu/ros2_ws"
  ],
  "isTrusted": true
}